
Microsoft Visual Studio Solution File, Format Version 12.00
# Visual Studio 15
VisualStudioVersion = 15.0.26730.16
MinimumVisualStudioVersion = 10.0.40219.1
Project("{FAE04EC0-301F-11D3-BF4B-00C04F79EFBC}") = "Clients", "Clients\Clients.csproj", "{A16C44FA-2383-4F0D-8479-572FB6525BBD}"
EndProject
Global
	GlobalSection(SolutionConfigurationPlatforms) = preSolution
		Debug|Any CPU = Debug|Any CPU
		Release|Any CPU = Release|Any CPU
	EndGlobalSection
	GlobalSection(ProjectConfigurationPlatforms) = postSolution
		{A16C44FA-2383-4F0D-8479-572FB6525BBD}.Debug|Any CPU.ActiveCfg = Debug|Any CPU
		{A16C44FA-2383-4F0D-8479-572FB6525BBD}.Debug|Any CPU.Build.0 = Debug|Any CPU
		{A16C44FA-2383-4F0D-8479-572FB6525BBD}.Release|Any CPU.ActiveCfg = Release|Any CPU
		{A16C44FA-2383-4F0D-8479-572FB6525BBD}.Release|Any CPU.Build.0 = Release|Any CPU
	EndGlobalSection
	GlobalSection(SolutionProperties) = preSolution
		HideSolutionNode = FALSE
	EndGlobalSection
	GlobalSection(ExtensibilityGlobals) = postSolution
		SolutionGuid = {C1E83563-209A-4572-974E-1D4F48DDE196}
	EndGlobalSection
EndGlobal
